// !$*UTF8*$!
{
	archiveVersion = 1;
	classes = {
	};
	objectVersion = 48;
	objects = {

/* Begin PBXBuildFile section */
		09064A3820C1C48400E0C6E7 /* GameObject.swift in Sources */ = {isa = PBXBuildFile; fileRef = 09064A3720C1C48400E0C6E7 /* GameObject.swift */; };
		098D97B42098B3550072CFDD /* ListGamesViewController.swift in Sources */ = {isa = PBXBuildFile; fileRef = 098D97B32098B3550072CFDD /* ListGamesViewController.swift */; };
		09A5EA31209C4FE300519A40 /* Game.swift in Sources */ = {isa = PBXBuildFile; fileRef = 09A5EA30209C4FE300519A40 /* Game.swift */; };
		09CB96E220C13BA100F1AADD /* GameInteractor.swift in Sources */ = {isa = PBXBuildFile; fileRef = 09CB96E120C13BA100F1AADD /* GameInteractor.swift */; };
		09DE525B2099DE860087AE0F /* ListGamesViewCell.swift in Sources */ = {isa = PBXBuildFile; fileRef = 09DE525A2099DE860087AE0F /* ListGamesViewCell.swift */; };
		0A0C067A3E3BCA07255095C0 /* Pods_FirstTests.framework in Frameworks */ = {isa = PBXBuildFile; fileRef = FE6A305CB70A73ABDBA06604 /* Pods_FirstTests.framework */; };
		1769937847275D4AC9F9529E /* Pods_First.framework in Frameworks */ = {isa = PBXBuildFile; fileRef = D51E5D41C752A25099F144D7 /* Pods_First.framework */; };
		84948E56208B85CE00195900 /* AppDelegate.swift in Sources */ = {isa = PBXBuildFile; fileRef = 84948E55208B85CE00195900 /* AppDelegate.swift */; };
		84948E5B208B85CE00195900 /* Main.storyboard in Resources */ = {isa = PBXBuildFile; fileRef = 84948E59208B85CE00195900 /* Main.storyboard */; };
		84948E5D208B85CE00195900 /* Assets.xcassets in Resources */ = {isa = PBXBuildFile; fileRef = 84948E5C208B85CE00195900 /* Assets.xcassets */; };
		84948E60208B85CE00195900 /* LaunchScreen.storyboard in Resources */ = {isa = PBXBuildFile; fileRef = 84948E5E208B85CE00195900 /* LaunchScreen.storyboard */; };
		84948E84208B8A9D00195900 /* ProjectViewController.swift in Sources */ = {isa = PBXBuildFile; fileRef = 84948E83208B8A9D00195900 /* ProjectViewController.swift */; };
		84948E88208B985000195900 /* ff.jpeg in Resources */ = {isa = PBXBuildFile; fileRef = 84948E87208B984F00195900 /* ff.jpeg */; };
		84948E8C208BA2F900195900 /* FC5.png in Resources */ = {isa = PBXBuildFile; fileRef = 84948E89208BA2F900195900 /* FC5.png */; };
		84948E8D208BA2F900195900 /* GOW.jpg in Resources */ = {isa = PBXBuildFile; fileRef = 84948E8A208BA2F900195900 /* GOW.jpg */; };
		84948E8E208BA2F900195900 /* FFVX.jpg in Resources */ = {isa = PBXBuildFile; fileRef = 84948E8B208BA2F900195900 /* FFVX.jpg */; };
		AF4338F8E4E641BED24513AA /* Pods_FirstUITests.framework in Frameworks */ = {isa = PBXBuildFile; fileRef = 269634371863A4FC7F043852 /* Pods_FirstUITests.framework */; };
/* End PBXBuildFile section */

/* Begin PBXContainerItemProxy section */
		84948E67208B85CE00195900 /* PBXContainerItemProxy */ = {
			isa = PBXContainerItemProxy;
			containerPortal = 84948E4A208B85CE00195900 /* Project object */;
			proxyType = 1;
			remoteGlobalIDString = 84948E51208B85CE00195900;
			remoteInfo = First;
		};
		84948E72208B85CE00195900 /* PBXContainerItemProxy */ = {
			isa = PBXContainerItemProxy;
			containerPortal = 84948E4A208B85CE00195900 /* Project object */;
			proxyType = 1;
			remoteGlobalIDString = 84948E51208B85CE00195900;
			remoteInfo = First;
		};
/* End PBXContainerItemProxy section */

/* Begin PBXFileReference section */
		09064A3720C1C48400E0C6E7 /* GameObject.swift */ = {isa = PBXFileReference; lastKnownFileType = sourcecode.swift; path = GameObject.swift; sourceTree = "<group>"; };
		098D97B32098B3550072CFDD /* ListGamesViewController.swift */ = {isa = PBXFileReference; lastKnownFileType = sourcecode.swift; path = ListGamesViewController.swift; sourceTree = "<group>"; };
		09A5EA30209C4FE300519A40 /* Game.swift */ = {isa = PBXFileReference; lastKnownFileType = sourcecode.swift; path = Game.swift; sourceTree = "<group>"; };
		09CB96E120C13BA100F1AADD /* GameInteractor.swift */ = {isa = PBXFileReference; lastKnownFileType = sourcecode.swift; path = GameInteractor.swift; sourceTree = "<group>"; };
		09DE525A2099DE860087AE0F /* ListGamesViewCell.swift */ = {isa = PBXFileReference; lastKnownFileType = sourcecode.swift; path = ListGamesViewCell.swift; sourceTree = "<group>"; };
		17BDD940D8551B573D3C6D1D /* Pods-FirstTests.release.xcconfig */ = {isa = PBXFileReference; includeInIndex = 1; lastKnownFileType = text.xcconfig; name = "Pods-FirstTests.release.xcconfig"; path = "Pods/Target Support Files/Pods-FirstTests/Pods-FirstTests.release.xcconfig"; sourceTree = "<group>"; };
		269634371863A4FC7F043852 /* Pods_FirstUITests.framework */ = {isa = PBXFileReference; explicitFileType = wrapper.framework; includeInIndex = 0; path = Pods_FirstUITests.framework; sourceTree = BUILT_PRODUCTS_DIR; };
		375617EA41CB07A45E9B2E7E /* Pods-First.debug.xcconfig */ = {isa = PBXFileReference; includeInIndex = 1; lastKnownFileType = text.xcconfig; name = "Pods-First.debug.xcconfig"; path = "Pods/Target Support Files/Pods-First/Pods-First.debug.xcconfig"; sourceTree = "<group>"; };
		5D64773CCFD86972EFD235C0 /* Pods-FirstTests.debug.xcconfig */ = {isa = PBXFileReference; includeInIndex = 1; lastKnownFileType = text.xcconfig; name = "Pods-FirstTests.debug.xcconfig"; path = "Pods/Target Support Files/Pods-FirstTests/Pods-FirstTests.debug.xcconfig"; sourceTree = "<group>"; };
		827118C5AA55D88E84CD5E75 /* Pods-FirstUITests.release.xcconfig */ = {isa = PBXFileReference; includeInIndex = 1; lastKnownFileType = text.xcconfig; name = "Pods-FirstUITests.release.xcconfig"; path = "Pods/Target Support Files/Pods-FirstUITests/Pods-FirstUITests.release.xcconfig"; sourceTree = "<group>"; };
		84948E52208B85CE00195900 /* First.app */ = {isa = PBXFileReference; explicitFileType = wrapper.application; includeInIndex = 0; path = First.app; sourceTree = BUILT_PRODUCTS_DIR; };
		84948E55208B85CE00195900 /* AppDelegate.swift */ = {isa = PBXFileReference; lastKnownFileType = sourcecode.swift; path = AppDelegate.swift; sourceTree = "<group>"; };
		84948E5A208B85CE00195900 /* Base */ = {isa = PBXFileReference; lastKnownFileType = file.storyboard; name = Base; path = Base.lproj/Main.storyboard; sourceTree = "<group>"; };
		84948E5C208B85CE00195900 /* Assets.xcassets */ = {isa = PBXFileReference; lastKnownFileType = folder.assetcatalog; path = Assets.xcassets; sourceTree = "<group>"; };
		84948E5F208B85CE00195900 /* Base */ = {isa = PBXFileReference; lastKnownFileType = file.storyboard; name = Base; path = Base.lproj/LaunchScreen.storyboard; sourceTree = "<group>"; };
		84948E61208B85CE00195900 /* Info.plist */ = {isa = PBXFileReference; lastKnownFileType = text.plist.xml; path = Info.plist; sourceTree = "<group>"; };
		84948E66208B85CE00195900 /* FirstTests.xctest */ = {isa = PBXFileReference; explicitFileType = wrapper.cfbundle; includeInIndex = 0; path = FirstTests.xctest; sourceTree = BUILT_PRODUCTS_DIR; };
		84948E71208B85CE00195900 /* FirstUITests.xctest */ = {isa = PBXFileReference; explicitFileType = wrapper.cfbundle; includeInIndex = 0; path = FirstUITests.xctest; sourceTree = BUILT_PRODUCTS_DIR; };
		84948E83208B8A9D00195900 /* ProjectViewController.swift */ = {isa = PBXFileReference; lastKnownFileType = sourcecode.swift; path = ProjectViewController.swift; sourceTree = "<group>"; };
		84948E87208B984F00195900 /* ff.jpeg */ = {isa = PBXFileReference; lastKnownFileType = image.jpeg; path = ff.jpeg; sourceTree = "<group>"; };
		84948E89208BA2F900195900 /* FC5.png */ = {isa = PBXFileReference; lastKnownFileType = image.png; path = FC5.png; sourceTree = "<group>"; };
		84948E8A208BA2F900195900 /* GOW.jpg */ = {isa = PBXFileReference; lastKnownFileType = image.jpeg; path = GOW.jpg; sourceTree = "<group>"; };
		84948E8B208BA2F900195900 /* FFVX.jpg */ = {isa = PBXFileReference; lastKnownFileType = image.jpeg; path = FFVX.jpg; sourceTree = "<group>"; };
		BFAC48D2E4C4B16D26036816 /* Pods-FirstUITests.debug.xcconfig */ = {isa = PBXFileReference; includeInIndex = 1; lastKnownFileType = text.xcconfig; name = "Pods-FirstUITests.debug.xcconfig"; path = "Pods/Target Support Files/Pods-FirstUITests/Pods-FirstUITests.debug.xcconfig"; sourceTree = "<group>"; };
		C914AD8AE3C7B75E16E5EC7D /* Pods-First.release.xcconfig */ = {isa = PBXFileReference; includeInIndex = 1; lastKnownFileType = text.xcconfig; name = "Pods-First.release.xcconfig"; path = "Pods/Target Support Files/Pods-First/Pods-First.release.xcconfig"; sourceTree = "<group>"; };
		D51E5D41C752A25099F144D7 /* Pods_First.framework */ = {isa = PBXFileReference; explicitFileType = wrapper.framework; includeInIndex = 0; path = Pods_First.framework; sourceTree = BUILT_PRODUCTS_DIR; };
		FE6A305CB70A73ABDBA06604 /* Pods_FirstTests.framework */ = {isa = PBXFileReference; explicitFileType = wrapper.framework; includeInIndex = 0; path = Pods_FirstTests.framework; sourceTree = BUILT_PRODUCTS_DIR; };
/* End PBXFileReference section */

/* Begin PBXFrameworksBuildPhase section */
		84948E4F208B85CE00195900 /* Frameworks */ = {
			isa = PBXFrameworksBuildPhase;
			buildActionMask = 2147483647;
			files = (
				1769937847275D4AC9F9529E /* Pods_First.framework in Frameworks */,
			);
			runOnlyForDeploymentPostprocessing = 0;
		};
		84948E63208B85CE00195900 /* Frameworks */ = {
			isa = PBXFrameworksBuildPhase;
			buildActionMask = 2147483647;
			files = (
				0A0C067A3E3BCA07255095C0 /* Pods_FirstTests.framework in Frameworks */,
			);
			runOnlyForDeploymentPostprocessing = 0;
		};
		84948E6E208B85CE00195900 /* Frameworks */ = {
			isa = PBXFrameworksBuildPhase;
			buildActionMask = 2147483647;
			files = (
				AF4338F8E4E641BED24513AA /* Pods_FirstUITests.framework in Frameworks */,
			);
			runOnlyForDeploymentPostprocessing = 0;
		};
/* End PBXFrameworksBuildPhase section */

/* Begin PBXGroup section */
		7F6FAE5E64BF4B54F5325AAC /* Pods */ = {
			isa = PBXGroup;
			children = (
				375617EA41CB07A45E9B2E7E /* Pods-First.debug.xcconfig */,
				C914AD8AE3C7B75E16E5EC7D /* Pods-First.release.xcconfig */,
				5D64773CCFD86972EFD235C0 /* Pods-FirstTests.debug.xcconfig */,
				17BDD940D8551B573D3C6D1D /* Pods-FirstTests.release.xcconfig */,
				BFAC48D2E4C4B16D26036816 /* Pods-FirstUITests.debug.xcconfig */,
				827118C5AA55D88E84CD5E75 /* Pods-FirstUITests.release.xcconfig */,
			);
			name = Pods;
			sourceTree = "<group>";
		};
		84948E49208B85CE00195900 = {
			isa = PBXGroup;
			children = (
				84948E54208B85CE00195900 /* First */,
				84948E53208B85CE00195900 /* Products */,
				7F6FAE5E64BF4B54F5325AAC /* Pods */,
				CCA54CFE05FBB8C854173F29 /* Frameworks */,
			);
			sourceTree = "<group>";
		};
		84948E53208B85CE00195900 /* Products */ = {
			isa = PBXGroup;
			children = (
				84948E52208B85CE00195900 /* First.app */,
				84948E66208B85CE00195900 /* FirstTests.xctest */,
				84948E71208B85CE00195900 /* FirstUITests.xctest */,
			);
			name = Products;
			sourceTree = "<group>";
		};
		84948E54208B85CE00195900 /* First */ = {
			isa = PBXGroup;
			children = (
				84948E55208B85CE00195900 /* AppDelegate.swift */,
				84948E83208B8A9D00195900 /* ProjectViewController.swift */,
				098D97B32098B3550072CFDD /* ListGamesViewController.swift */,
				09DE525A2099DE860087AE0F /* ListGamesViewCell.swift */,
				09A5EA30209C4FE300519A40 /* Game.swift */,
				84948E59208B85CE00195900 /* Main.storyboard */,
				84948E5E208B85CE00195900 /* LaunchScreen.storyboard */,
				84948E5C208B85CE00195900 /* Assets.xcassets */,
				84948E61208B85CE00195900 /* Info.plist */,
				09CB96E120C13BA100F1AADD /* GameInteractor.swift */,
				84948E85208B8F4600195900 /* Resources */,
				09064A3720C1C48400E0C6E7 /* GameObject.swift */,
			);
			path = First;
			sourceTree = "<group>";
		};
		84948E85208B8F4600195900 /* Resources */ = {
			isa = PBXGroup;
			children = (
				84948E86208B8F5E00195900 /* images */,
			);
			path = Resources;
			sourceTree = "<group>";
		};
		84948E86208B8F5E00195900 /* images */ = {
			isa = PBXGroup;
			children = (
				84948E89208BA2F900195900 /* FC5.png */,
				84948E8B208BA2F900195900 /* FFVX.jpg */,
				84948E8A208BA2F900195900 /* GOW.jpg */,
				84948E87208B984F00195900 /* ff.jpeg */,
			);
			path = images;
			sourceTree = "<group>";
		};
		CCA54CFE05FBB8C854173F29 /* Frameworks */ = {
			isa = PBXGroup;
			children = (
				D51E5D41C752A25099F144D7 /* Pods_First.framework */,
				FE6A305CB70A73ABDBA06604 /* Pods_FirstTests.framework */,
				269634371863A4FC7F043852 /* Pods_FirstUITests.framework */,
			);
			name = Frameworks;
			sourceTree = "<group>";
		};
/* End PBXGroup section */

/* Begin PBXNativeTarget section */
		84948E51208B85CE00195900 /* First */ = {
			isa = PBXNativeTarget;
			buildConfigurationList = 84948E7A208B85CE00195900 /* Build configuration list for PBXNativeTarget "First" */;
			buildPhases = (
				0524F54CD7CA7A38815C9DAA /* [CP] Check Pods Manifest.lock */,
				84948E4E208B85CE00195900 /* Sources */,
				84948E4F208B85CE00195900 /* Frameworks */,
				84948E50208B85CE00195900 /* Resources */,
				08A38F547D2C2BB55E5B5A62 /* [CP] Embed Pods Frameworks */,
			);
			buildRules = (
			);
			dependencies = (
			);
			name = First;
			productName = First;
			productReference = 84948E52208B85CE00195900 /* First.app */;
			productType = "com.apple.product-type.application";
		};
		84948E65208B85CE00195900 /* FirstTests */ = {
			isa = PBXNativeTarget;
			buildConfigurationList = 84948E7D208B85CE00195900 /* Build configuration list for PBXNativeTarget "FirstTests" */;
			buildPhases = (
				DA4309009A5F91C53A350C09 /* [CP] Check Pods Manifest.lock */,
				84948E62208B85CE00195900 /* Sources */,
				84948E63208B85CE00195900 /* Frameworks */,
				84948E64208B85CE00195900 /* Resources */,
			);
			buildRules = (
			);
			dependencies = (
				84948E68208B85CE00195900 /* PBXTargetDependency */,
			);
			name = FirstTests;
			productName = FirstTests;
			productReference = 84948E66208B85CE00195900 /* FirstTests.xctest */;
			productType = "com.apple.product-type.bundle.unit-test";
		};
		84948E70208B85CE00195900 /* FirstUITests */ = {
			isa = PBXNativeTarget;
			buildConfigurationList = 84948E80208B85CE00195900 /* Build configuration list for PBXNativeTarget "FirstUITests" */;
			buildPhases = (
				CD017E10ED223F1F95E16015 /* [CP] Check Pods Manifest.lock */,
				84948E6D208B85CE00195900 /* Sources */,
				84948E6E208B85CE00195900 /* Frameworks */,
				84948E6F208B85CE00195900 /* Resources */,
			);
			buildRules = (
			);
			dependencies = (
				84948E73208B85CE00195900 /* PBXTargetDependency */,
			);
			name = FirstUITests;
			productName = FirstUITests;
			productReference = 84948E71208B85CE00195900 /* FirstUITests.xctest */;
			productType = "com.apple.product-type.bundle.ui-testing";
		};
/* End PBXNativeTarget section */

/* Begin PBXProject section */
		84948E4A208B85CE00195900 /* Project object */ = {
			isa = PBXProject;
			attributes = {
				LastSwiftUpdateCheck = 0920;
				LastUpgradeCheck = 0920;
				ORGANIZATIONNAME = csu;
				TargetAttributes = {
					84948E51208B85CE00195900 = {
						CreatedOnToolsVersion = 9.2;
						ProvisioningStyle = Automatic;
					};
					84948E65208B85CE00195900 = {
						CreatedOnToolsVersion = 9.2;
						ProvisioningStyle = Automatic;
						TestTargetID = 84948E51208B85CE00195900;
					};
					84948E70208B85CE00195900 = {
						CreatedOnToolsVersion = 9.2;
						ProvisioningStyle = Automatic;
						TestTargetID = 84948E51208B85CE00195900;
					};
				};
			};
			buildConfigurationList = 84948E4D208B85CE00195900 /* Build configuration list for PBXProject "First" */;
			compatibilityVersion = "Xcode 8.0";
			developmentRegion = en;
			hasScannedForEncodings = 0;
			knownRegions = (
				en,
				Base,
			);
			mainGroup = 84948E49208B85CE00195900;
			productRefGroup = 84948E53208B85CE00195900 /* Products */;
			projectDirPath = "";
			projectRoot = "";
			targets = (
				84948E51208B85CE00195900 /* First */,
				84948E65208B85CE00195900 /* FirstTests */,
				84948E70208B85CE00195900 /* FirstUITests */,
			);
		};
/* End PBXProject section */

/* Begin PBXResourcesBuildPhase section */
		84948E50208B85CE00195900 /* Resources */ = {
			isa = PBXResourcesBuildPhase;
			buildActionMask = 2147483647;
			files = (
				84948E60208B85CE00195900 /* LaunchScreen.storyboard in Resources */,
				84948E8E208BA2F900195900 /* FFVX.jpg in Resources */,
				84948E5D208B85CE00195900 /* Assets.xcassets in Resources */,
				84948E5B208B85CE00195900 /* Main.storyboard in Resources */,
				84948E8D208BA2F900195900 /* GOW.jpg in Resources */,
				84948E88208B985000195900 /* ff.jpeg in Resources */,
				84948E8C208BA2F900195900 /* FC5.png in Resources */,
			);
			runOnlyForDeploymentPostprocessing = 0;
		};
		84948E64208B85CE00195900 /* Resources */ = {
			isa = PBXResourcesBuildPhase;
			buildActionMask = 2147483647;
			files = (
			);
			runOnlyForDeploymentPostprocessing = 0;
		};
		84948E6F208B85CE00195900 /* Resources */ = {
			isa = PBXResourcesBuildPhase;
			buildActionMask = 2147483647;
			files = (
			);
			runOnlyForDeploymentPostprocessing = 0;
		};
/* End PBXResourcesBuildPhase section */

/* Begin PBXShellScriptBuildPhase section */
		0524F54CD7CA7A38815C9DAA /* [CP] Check Pods Manifest.lock */ = {
			isa = PBXShellScriptBuildPhase;
			buildActionMask = 2147483647;
			files = (
			);
			inputPaths = (
				"${PODS_PODFILE_DIR_PATH}/Podfile.lock",
				"${PODS_ROOT}/Manifest.lock",
			);
			name = "[CP] Check Pods Manifest.lock";
			outputPaths = (
				"$(DERIVED_FILE_DIR)/Pods-First-checkManifestLockResult.txt",
			);
			runOnlyForDeploymentPostprocessing = 0;
			shellPath = /bin/sh;
			shellScript = "diff \"${PODS_PODFILE_DIR_PATH}/Podfile.lock\" \"${PODS_ROOT}/Manifest.lock\" > /dev/null\nif [ $? != 0 ] ; then\n    # print error to STDERR\n    echo \"error: The sandbox is not in sync with the Podfile.lock. Run 'pod install' or update your CocoaPods installation.\" >&2\n    exit 1\nfi\n# This output is used by Xcode 'outputs' to avoid re-running this script phase.\necho \"SUCCESS\" > \"${SCRIPT_OUTPUT_FILE_0}\"\n";
			showEnvVarsInLog = 0;
		};
		08A38F547D2C2BB55E5B5A62 /* [CP] Embed Pods Frameworks */ = {
			isa = PBXShellScriptBuildPhase;
			buildActionMask = 2147483647;
			files = (
			);
			inputPaths = (
				"${SRCROOT}/Pods/Target Support Files/Pods-First/Pods-First-frameworks.sh",
				"${BUILT_PRODUCTS_DIR}/Alamofire/Alamofire.framework",
				"${BUILT_PRODUCTS_DIR}/AlamofireImage/AlamofireImage.framework",
				"${BUILT_PRODUCTS_DIR}/Realm/Realm.framework",
				"${BUILT_PRODUCTS_DIR}/RealmSwift/RealmSwift.framework",
			);
			name = "[CP] Embed Pods Frameworks";
			outputPaths = (
				"${TARGET_BUILD_DIR}/${FRAMEWORKS_FOLDER_PATH}/Alamofire.framework",
				"${TARGET_BUILD_DIR}/${FRAMEWORKS_FOLDER_PATH}/AlamofireImage.framework",
				"${TARGET_BUILD_DIR}/${FRAMEWORKS_FOLDER_PATH}/Realm.framework",
				"${TARGET_BUILD_DIR}/${FRAMEWORKS_FOLDER_PATH}/RealmSwift.framework",
			);
			runOnlyForDeploymentPostprocessing = 0;
			shellPath = /bin/sh;
			shellScript = "\"${SRCROOT}/Pods/Target Support Files/Pods-First/Pods-First-frameworks.sh\"\n";
			showEnvVarsInLog = 0;
		};
		CD017E10ED223F1F95E16015 /* [CP] Check Pods Manifest.lock */ = {
			isa = PBXShellScriptBuildPhase;
			buildActionMask = 2147483647;
			files = (
			);
			inputPaths = (
				"${PODS_PODFILE_DIR_PATH}/Podfile.lock",
				"${PODS_ROOT}/Manifest.lock",
			);
			name = "[CP] Check Pods Manifest.lock";
			outputPaths = (
				"$(DERIVED_FILE_DIR)/Pods-FirstUITests-checkManifestLockResult.txt",
			);
			runOnlyForDeploymentPostprocessing = 0;
			shellPath = /bin/sh;
			shellScript = "diff \"${PODS_PODFILE_DIR_PATH}/Podfile.lock\" \"${PODS_ROOT}/Manifest.lock\" > /dev/null\nif [ $? != 0 ] ; then\n    # print error to STDERR\n    echo \"error: The sandbox is not in sync with the Podfile.lock. Run 'pod install' or update your CocoaPods installation.\" >&2\n    exit 1\nfi\n# This output is used by Xcode 'outputs' to avoid re-running this script phase.\necho \"SUCCESS\" > \"${SCRIPT_OUTPUT_FILE_0}\"\n";
			showEnvVarsInLog = 0;
		};
		DA4309009A5F91C53A350C09 /* [CP] Check Pods Manifest.lock */ = {
			isa = PBXShellScriptBuildPhase;
			buildActionMask = 2147483647;
			files = (
			);
			inputPaths = (
				"${PODS_PODFILE_DIR_PATH}/Podfile.lock",
				"${PODS_ROOT}/Manifest.lock",
			);
			name = "[CP] Check Pods Manifest.lock";
			outputPaths = (
				"$(DERIVED_FILE_DIR)/Pods-FirstTests-checkManifestLockResult.txt",
			);
			runOnlyForDeploymentPostprocessing = 0;
			shellPath = /bin/sh;
			shellScript = "diff \"${PODS_PODFILE_DIR_PATH}/Podfile.lock\" \"${PODS_ROOT}/Manifest.lock\" > /dev/null\nif [ $? != 0 ] ; then\n    # print error to STDERR\n    echo \"error: The sandbox is not in sync with the Podfile.lock. Run 'pod install' or update your CocoaPods installation.\" >&2\n    exit 1\nfi\n# This output is used by Xcode 'outputs' to avoid re-running this script phase.\necho \"SUCCESS\" > \"${SCRIPT_OUTPUT_FILE_0}\"\n";
			showEnvVarsInLog = 0;
		};
/* End PBXShellScriptBuildPhase section */

/* Begin PBXSourcesBuildPhase section */
		84948E4E208B85CE00195900 /* Sources */ = {
			isa = PBXSourcesBuildPhase;
			buildActionMask = 2147483647;
			files = (
				09CB96E220C13BA100F1AADD /* GameInteractor.swift in Sources */,
				09A5EA31209C4FE300519A40 /* Game.swift in Sources */,
				09064A3820C1C48400E0C6E7 /* GameObject.swift in Sources */,
				84948E56208B85CE00195900 /* AppDelegate.swift in Sources */,
				098D97B42098B3550072CFDD /* ListGamesViewController.swift in Sources */,
				09DE525B2099DE860087AE0F /* ListGamesViewCell.swift in Sources */,
				84948E84208B8A9D00195900 /* ProjectViewController.swift in Sources */,
			);
			runOnlyForDeploymentPostprocessing = 0;
		};
		84948E62208B85CE00195900 /* Sources */ = {
			isa = PBXSourcesBuildPhase;
			buildActionMask = 2147483647;
			files = (
			);
			runOnlyForDeploymentPostprocessing = 0;
		};
		84948E6D208B85CE00195900 /* Sources */ = {
			isa = PBXSourcesBuildPhase;
			buildActionMask = 2147483647;
			files = (
			);
			runOnlyForDeploymentPostprocessing = 0;
		};
/* End PBXSourcesBuildPhase section */

/* Begin PBXTargetDependency section */
		84948E68208B85CE00195900 /* PBXTargetDependency */ = {
			isa = PBXTargetDependency;
			target = 84948E51208B85CE00195900 /* First */;
			targetProxy = 84948E67208B85CE00195900 /* PBXContainerItemProxy */;
		};
		84948E73208B85CE00195900 /* PBXTargetDependency */ = {
			isa = PBXTargetDependency;
			target = 84948E51208B85CE00195900 /* First */;
			targetProxy = 84948E72208B85CE00195900 /* PBXContainerItemProxy */;
		};
/* End PBXTargetDependency section */

/* Begin PBXVariantGroup section */
		84948E59208B85CE00195900 /* Main.storyboard */ = {
			isa = PBXVariantGroup;
			children = (
				84948E5A208B85CE00195900 /* Base */,
			);
			name = Main.storyboard;
			sourceTree = "<group>";
		};
		84948E5E208B85CE00195900 /* LaunchScreen.storyboard */ = {
			isa = PBXVariantGroup;
			children = (
				84948E5F208B85CE00195900 /* Base */,
			);
			name = LaunchScreen.storyboard;
			sourceTree = "<group>";
		};
/* End PBXVariantGroup section */

/* Begin XCBuildConfiguration section */
		84948E78208B85CE00195900 /* Debug */ = {
			isa = XCBuildConfiguration;
			buildSettings = {
				ALWAYS_SEARCH_USER_PATHS = NO;
				CLANG_ANALYZER_NONNULL = YES;
				CLANG_ANALYZER_NUMBER_OBJECT_CONVERSION = YES_AGGRESSIVE;
				CLANG_CXX_LANGUAGE_STANDARD = "gnu++14";
				CLANG_CXX_LIBRARY = "libc++";
				CLANG_ENABLE_MODULES = YES;
				CLANG_ENABLE_OBJC_ARC = YES;
				CLANG_WARN_BLOCK_CAPTURE_AUTORELEASING = YES;
				CLANG_WARN_BOOL_CONVERSION = YES;
				CLANG_WARN_COMMA = YES;
				CLANG_WARN_CONSTANT_CONVERSION = YES;
				CLANG_WARN_DIRECT_OBJC_ISA_USAGE = YES_ERROR;
				CLANG_WARN_DOCUMENTATION_COMMENTS = YES;
				CLANG_WARN_EMPTY_BODY = YES;
				CLANG_WARN_ENUM_CONVERSION = YES;
				CLANG_WARN_INFINITE_RECURSION = YES;
				CLANG_WARN_INT_CONVERSION = YES;
				CLANG_WARN_NON_LITERAL_NULL_CONVERSION = YES;
				CLANG_WARN_OBJC_LITERAL_CONVERSION = YES;
				CLANG_WARN_OBJC_ROOT_CLASS = YES_ERROR;
				CLANG_WARN_RANGE_LOOP_ANALYSIS = YES;
				CLANG_WARN_STRICT_PROTOTYPES = YES;
				CLANG_WARN_SUSPICIOUS_MOVE = YES;
				CLANG_WARN_UNGUARDED_AVAILABILITY = YES_AGGRESSIVE;
				CLANG_WARN_UNREACHABLE_CODE = YES;
				CLANG_WARN__DUPLICATE_METHOD_MATCH = YES;
				CODE_SIGN_IDENTITY = "iPhone Developer";
				COPY_PHASE_STRIP = NO;
				DEBUG_INFORMATION_FORMAT = dwarf;
				ENABLE_STRICT_OBJC_MSGSEND = YES;
				ENABLE_TESTABILITY = YES;
				GCC_C_LANGUAGE_STANDARD = gnu11;
				GCC_DYNAMIC_NO_PIC = NO;
				GCC_NO_COMMON_BLOCKS = YES;
				GCC_OPTIMIZATION_LEVEL = 0;
				GCC_PREPROCESSOR_DEFINITIONS = (
					"DEBUG=1",
					"$(inherited)",
				);
				GCC_WARN_64_TO_32_BIT_CONVERSION = YES;
				GCC_WARN_ABOUT_RETURN_TYPE = YES_ERROR;
				GCC_WARN_UNDECLARED_SELECTOR = YES;
				GCC_WARN_UNINITIALIZED_AUTOS = YES_AGGRESSIVE;
				GCC_WARN_UNUSED_FUNCTION = YES;
				GCC_WARN_UNUSED_VARIABLE = YES;
				IPHONEOS_DEPLOYMENT_TARGET = 11.2;
				MTL_ENABLE_DEBUG_INFO = YES;
				ONLY_ACTIVE_ARCH = YES;
				SDKROOT = iphoneos;
				SWIFT_ACTIVE_COMPILATION_CONDITIONS = DEBUG;
				SWIFT_OPTIMIZATION_LEVEL = "-Onone";
			};
			name = Debug;
		};
		84948E79208B85CE00195900 /* Release */ = {
			isa = XCBuildConfiguration;
			buildSettings = {
				ALWAYS_SEARCH_USER_PATHS = NO;
				CLANG_ANALYZER_NONNULL = YES;
				CLANG_ANALYZER_NUMBER_OBJECT_CONVERSION = YES_AGGRESSIVE;
				CLANG_CXX_LANGUAGE_STANDARD = "gnu++14";
				CLANG_CXX_LIBRARY = "libc++";
				CLANG_ENABLE_MODULES = YES;
				CLANG_ENABLE_OBJC_ARC = YES;
				CLANG_WARN_BLOCK_CAPTURE_AUTORELEASING = YES;
				CLANG_WARN_BOOL_CONVERSION = YES;
				CLANG_WARN_COMMA = YES;
				CLANG_WARN_CONSTANT_CONVERSION = YES;
				CLANG_WARN_DIRECT_OBJC_ISA_USAGE = YES_ERROR;
				CLANG_WARN_DOCUMENTATION_COMMENTS = YES;
				CLANG_WARN_EMPTY_BODY = YES;
				CLANG_WARN_ENUM_CONVERSION = YES;
				CLANG_WARN_INFINITE_RECURSION = YES;
				CLANG_WARN_INT_CONVERSION = YES;
				CLANG_WARN_NON_LITERAL_NULL_CONVERSION = YES;
				CLANG_WARN_OBJC_LITERAL_CONVERSION = YES;
				CLANG_WARN_OBJC_ROOT_CLASS = YES_ERROR;
				CLANG_WARN_RANGE_LOOP_ANALYSIS = YES;
				CLANG_WARN_STRICT_PROTOTYPES = YES;
				CLANG_WARN_SUSPICIOUS_MOVE = YES;
				CLANG_WARN_UNGUARDED_AVAILABILITY = YES_AGGRESSIVE;
				CLANG_WARN_UNREACHABLE_CODE = YES;
				CLANG_WARN__DUPLICATE_METHOD_MATCH = YES;
				CODE_SIGN_IDENTITY = "iPhone Developer";
				COPY_PHASE_STRIP = NO;
				DEBUG_INFORMATION_FORMAT = "dwarf-with-dsym";
				ENABLE_NS_ASSERTIONS = NO;
				ENABLE_STRICT_OBJC_MSGSEND = YES;
				GCC_C_LANGUAGE_STANDARD = gnu11;
				GCC_NO_COMMON_BLOCKS = YES;
				GCC_WARN_64_TO_32_BIT_CONVERSION = YES;
				GCC_WARN_ABOUT_RETURN_TYPE = YES_ERROR;
				GCC_WARN_UNDECLARED_SELECTOR = YES;
				GCC_WARN_UNINITIALIZED_AUTOS = YES_AGGRESSIVE;
				GCC_WARN_UNUSED_FUNCTION = YES;
				GCC_WARN_UNUSED_VARIABLE = YES;
				IPHONEOS_DEPLOYMENT_TARGET = 11.2;
				MTL_ENABLE_DEBUG_INFO = NO;
				SDKROOT = iphoneos;
				SWIFT_OPTIMIZATION_LEVEL = "-Owholemodule";
				VALIDATE_PRODUCT = YES;
			};
			name = Release;
		};
		84948E7B208B85CE00195900 /* Debug */ = {
			isa = XCBuildConfiguration;
			baseConfigurationReference = 375617EA41CB07A45E9B2E7E /* Pods-First.debug.xcconfig */;
			buildSettings = {
				ASSETCATALOG_COMPILER_APPICON_NAME = AppIcon;
				CODE_SIGN_STYLE = Automatic;
				DEVELOPMENT_TEAM = 8YAZ3CAKH7;
				INFOPLIST_FILE = First/Info.plist;
				LD_RUNPATH_SEARCH_PATHS = "$(inherited) @executable_path/Frameworks";
				PRODUCT_BUNDLE_IDENTIFIER = iit.csu.First;
				PRODUCT_NAME = "$(TARGET_NAME)";
				SWIFT_VERSION = 4.0;
				TARGETED_DEVICE_FAMILY = "1,2";
			};
			name = Debug;
		};
		84948E7C208B85CE00195900 /* Release */ = {
			isa = XCBuildConfiguration;
			baseConfigurationReference = C914AD8AE3C7B75E16E5EC7D /* Pods-First.release.xcconfig */;
			buildSettings = {
				ASSETCATALOG_COMPILER_APPICON_NAME = AppIcon;
				CODE_SIGN_STYLE = Automatic;
				DEVELOPMENT_TEAM = 8YAZ3CAKH7;
				INFOPLIST_FILE = First/Info.plist;
				LD_RUNPATH_SEARCH_PATHS = "$(inherited) @executable_path/Frameworks";
				PRODUCT_BUNDLE_IDENTIFIER = iit.csu.First;
				PRODUCT_NAME = "$(TARGET_NAME)";
				SWIFT_VERSION = 4.0;
				TARGETED_DEVICE_FAMILY = "1,2";
			};
			name = Release;
		};
		84948E7E208B85CE00195900 /* Debug */ = {
			isa = XCBuildConfiguration;
			baseConfigurationReference = 5D64773CCFD86972EFD235C0 /* Pods-FirstTests.debug.xcconfig */;
			buildSettings = {
				ALWAYS_EMBED_SWIFT_STANDARD_LIBRARIES = YES;
				BUNDLE_LOADER = "$(TEST_HOST)";
				CODE_SIGN_STYLE = Automatic;
				DEVELOPMENT_TEAM = 8YAZ3CAKH7;
				INFOPLIST_FILE = FirstTests/Info.plist;
				LD_RUNPATH_SEARCH_PATHS = "$(inherited) @executable_path/Frameworks @loader_path/Frameworks";
				PRODUCT_BUNDLE_IDENTIFIER = iit.csu.FirstTests;
				PRODUCT_NAME = "$(TARGET_NAME)";
				SWIFT_VERSION = 4.0;
				TARGETED_DEVICE_FAMILY = "1,2";
				TEST_HOST = "$(BUILT_PRODUCTS_DIR)/First.app/First";
			};
			name = Debug;
		};
		84948E7F208B85CE00195900 /* Release */ = {
			isa = XCBuildConfiguration;
			baseConfigurationReference = 17BDD940D8551B573D3C6D1D /* Pods-FirstTests.release.xcconfig */;
			buildSettings = {
				ALWAYS_EMBED_SWIFT_STANDARD_LIBRARIES = YES;
				BUNDLE_LOADER = "$(TEST_HOST)";
				CODE_SIGN_STYLE = Automatic;
				DEVELOPMENT_TEAM = 8YAZ3CAKH7;
				INFOPLIST_FILE = FirstTests/Info.plist;
				LD_RUNPATH_SEARCH_PATHS = "$(inherited) @executable_path/Frameworks @loader_path/Frameworks";
				PRODUCT_BUNDLE_IDENTIFIER = iit.csu.FirstTests;
				PRODUCT_NAME = "$(TARGET_NAME)";
				SWIFT_VERSION = 4.0;
				TARGETED_DEVICE_FAMILY = "1,2";
				TEST_HOST = "$(BUILT_PRODUCTS_DIR)/First.app/First";
			};
			name = Release;
		};
		84948E81208B85CE00195900 /* Debug */ = {
			isa = XCBuildConfiguration;
			baseConfigurationReference = BFAC48D2E4C4B16D26036816 /* Pods-FirstUITests.debug.xcconfig */;
			buildSettings = {
				ALWAYS_EMBED_SWIFT_STANDARD_LIBRARIES = YES;
				CODE_SIGN_STYLE = Automatic;
				DEVELOPMENT_TEAM = 8YAZ3CAKH7;
				INFOPLIST_FILE = FirstUITests/Info.plist;
				LD_RUNPATH_SEARCH_PATHS = "$(inherited) @executable_path/Frameworks @loader_path/Frameworks";
				PRODUCT_BUNDLE_IDENTIFIER = iit.csu.FirstUITests;
				PRODUCT_NAME = "$(TARGET_NAME)";
				SWIFT_VERSION = 4.0;
				TARGETED_DEVICE_FAMILY = "1,2";
				TEST_TARGET_NAME = First;
			};
			name = Debug;
		};
		84948E82208B85CE00195900 /* Release */ = {
			isa = XCBuildConfiguration;
			baseConfigurationReference = 827118C5AA55D88E84CD5E75 /* Pods-FirstUITests.release.xcconfig */;
			buildSettings = {
				ALWAYS_EMBED_SWIFT_STANDARD_LIBRARIES = YES;
				CODE_SIGN_STYLE = Automatic;
				DEVELOPMENT_TEAM = 8YAZ3CAKH7;
				INFOPLIST_FILE = FirstUITests/Info.plist;
				LD_RUNPATH_SEARCH_PATHS = "$(inherited) @executable_path/Frameworks @loader_path/Frameworks";
				PRODUCT_BUNDLE_IDENTIFIER = iit.csu.FirstUITests;
				PRODUCT_NAME = "$(TARGET_NAME)";
				SWIFT_VERSION = 4.0;
				TARGETED_DEVICE_FAMILY = "1,2";
				TEST_TARGET_NAME = First;
			};
			name = Release;
		};
/* End XCBuildConfiguration section */

/* Begin XCConfigurationList section */
		84948E4D208B85CE00195900 /* Build configuration list for PBXProject "First" */ = {
			isa = XCConfigurationList;
			buildConfigurations = (
				84948E78208B85CE00195900 /* Debug */,
				84948E79208B85CE00195900 /* Release */,
			);
			defaultConfigurationIsVisible = 0;
			defaultConfigurationName = Release;
		};
		84948E7A208B85CE00195900 /* Build configuration list for PBXNativeTarget "First" */ = {
			isa = XCConfigurationList;
			buildConfigurations = (
				84948E7B208B85CE00195900 /* Debug */,
				84948E7C208B85CE00195900 /* Release */,
			);
			defaultConfigurationIsVisible = 0;
			defaultConfigurationName = Release;
		};
		84948E7D208B85CE00195900 /* Build configuration list for PBXNativeTarget "FirstTests" */ = {
			isa = XCConfigurationList;
			buildConfigurations = (
				84948E7E208B85CE00195900 /* Debug */,
				84948E7F208B85CE00195900 /* Release */,
			);
			defaultConfigurationIsVisible = 0;
			defaultConfigurationName = Release;
		};
		84948E80208B85CE00195900 /* Build configuration list for PBXNativeTarget "FirstUITests" */ = {
			isa = XCConfigurationList;
			buildConfigurations = (
				84948E81208B85CE00195900 /* Debug */,
				84948E82208B85CE00195900 /* Release */,
			);
			defaultConfigurationIsVisible = 0;
			defaultConfigurationName = Release;
		};
/* End XCConfigurationList section */
	};
	rootObject = 84948E4A208B85CE00195900 /* Project object */;
}
